
Microsoft Visual Studio Solution File, Format Version 12.00
# Visual Studio Version 17
VisualStudioVersion = 17.9.34728.123
MinimumVisualStudioVersion = 10.0.40219.1
Project("{FAE04EC0-301F-11D3-BF4B-00C04F79EFBC}") = "SevidorDeep", "SevidorDeep\SevidorDeep.csproj", "{D04507EB-EC58-4253-B788-AFADB56F4950}"
EndProject
Global
	GlobalSection(SolutionConfigurationPlatforms) = preSolution
		Debug|Any CPU = Debug|Any CPU
		Release|Any CPU = Release|Any CPU
	EndGlobalSection
	GlobalSection(ProjectConfigurationPlatforms) = postSolution
		{D04507EB-EC58-4253-B788-AFADB56F4950}.Debug|Any CPU.ActiveCfg = Debug|Any CPU
		{D04507EB-EC58-4253-B788-AFADB56F4950}.Debug|Any CPU.Build.0 = Debug|Any CPU
		{D04507EB-EC58-4253-B788-AFADB56F4950}.Release|Any CPU.ActiveCfg = Release|Any CPU
		{D04507EB-EC58-4253-B788-AFADB56F4950}.Release|Any CPU.Build.0 = Release|Any CPU
	EndGlobalSection
	GlobalSection(SolutionProperties) = preSolution
		HideSolutionNode = FALSE
	EndGlobalSection
	GlobalSection(ExtensibilityGlobals) = postSolution
		SolutionGuid = {FD468E1B-AB4E-45BD-AD2A-D204EC74DB21}
	EndGlobalSection
EndGlobal
